
Microsoft Visual Studio Solution File, Format Version 12.00
# Visual Studio 15
VisualStudioVersion = 15.0.27130.2036
MinimumVisualStudioVersion = 10.0.40219.1
Project("{FAE04EC0-301F-11D3-BF4B-00C04F79EFBC}") = "VueChat", "VueChat\VueChat.csproj", "{7C372B4D-ABE1-4229-B799-480F896609A0}"
EndProject
Global
	GlobalSection(SolutionConfigurationPlatforms) = preSolution
		Debug|Any CPU = Debug|Any CPU
		Release|Any CPU = Release|Any CPU
	EndGlobalSection
	GlobalSection(ProjectConfigurationPlatforms) = postSolution
		{7C372B4D-ABE1-4229-B799-480F896609A0}.Debug|Any CPU.ActiveCfg = Debug|Any CPU
		{7C372B4D-ABE1-4229-B799-480F896609A0}.Debug|Any CPU.Build.0 = Debug|Any CPU
		{7C372B4D-ABE1-4229-B799-480F896609A0}.Release|Any CPU.ActiveCfg = Release|Any CPU
		{7C372B4D-ABE1-4229-B799-480F896609A0}.Release|Any CPU.Build.0 = Release|Any CPU
	EndGlobalSection
	GlobalSection(SolutionProperties) = preSolution
		HideSolutionNode = FALSE
	EndGlobalSection
	GlobalSection(ExtensibilityGlobals) = postSolution
		SolutionGuid = {87328860-7772-49A4-8D3A-9083B0F90B49}
	EndGlobalSection
EndGlobal
